
Microsoft Visual Studio Solution File, Format Version 12.00
# Visual Studio Version 16
VisualStudioVersion = 16.0.32126.315
MinimumVisualStudioVersion = 10.0.40219.1
Project("{FAE04EC0-301F-11D3-BF4B-00C04F79EFBC}") = "VacationMachine", "VacationMachine.csproj", "{6456D6A8-A681-414F-90B5-CA3025A079EF}"
EndProject
Global
	GlobalSection(SolutionConfigurationPlatforms) = preSolution
		Debug|Any CPU = Debug|Any CPU
		Release|Any CPU = Release|Any CPU
	EndGlobalSection
	GlobalSection(ProjectConfigurationPlatforms) = postSolution
		{6456D6A8-A681-414F-90B5-CA3025A079EF}.Debug|Any CPU.ActiveCfg = Debug|Any CPU
		{6456D6A8-A681-414F-90B5-CA3025A079EF}.Debug|Any CPU.Build.0 = Debug|Any CPU
		{6456D6A8-A681-414F-90B5-CA3025A079EF}.Release|Any CPU.ActiveCfg = Release|Any CPU
		{6456D6A8-A681-414F-90B5-CA3025A079EF}.Release|Any CPU.Build.0 = Release|Any CPU
	EndGlobalSection
	GlobalSection(SolutionProperties) = preSolution
		HideSolutionNode = FALSE
	EndGlobalSection
	GlobalSection(ExtensibilityGlobals) = postSolution
		SolutionGuid = {F6C64EDE-44E1-4444-A7A1-33FE60EE73A9}
	EndGlobalSection
EndGlobal
